// !$*UTF8*$!
{
	archiveVersion = 1;
	classes = {
	};
	objectVersion = 46;
	objects = {

/* Begin PBXBuildFile section */
		019FE2001DF67008008930FB /* AppDelegate.swift in Sources */ = {isa = PBXBuildFile; fileRef = 019FE1FF1DF67008008930FB /* AppDelegate.swift */; };
		019FE2041DF67009008930FB /* Assets.xcassets in Resources */ = {isa = PBXBuildFile; fileRef = 019FE2031DF67009008930FB /* Assets.xcassets */; };
		019FE2121DF6779D008930FB /* Main.storyboard in Resources */ = {isa = PBXBuildFile; fileRef = 019FE2111DF6779D008930FB /* Main.storyboard */; };
/* End PBXBuildFile section */

/* Begin PBXFileReference section */
		019FE1FC1DF67008008930FB /* disable Hot Corners.app */ = {isa = PBXFileReference; explicitFileType = wrapper.application; includeInIndex = 0; path = "disable Hot Corners.app"; sourceTree = BUILT_PRODUCTS_DIR; };
		019FE1FF1DF67008008930FB /* AppDelegate.swift */ = {isa = PBXFileReference; lastKnownFileType = sourcecode.swift; path = AppDelegate.swift; sourceTree = "<group>"; };
		019FE2031DF67009008930FB /* Assets.xcassets */ = {isa = PBXFileReference; lastKnownFileType = folder.assetcatalog; path = Assets.xcassets; sourceTree = "<group>"; };
		019FE2081DF67009008930FB /* Info.plist */ = {isa = PBXFileReference; lastKnownFileType = text.plist.xml; path = Info.plist; sourceTree = "<group>"; };
		019FE2111DF6779D008930FB /* Main.storyboard */ = {isa = PBXFileReference; fileEncoding = 4; lastKnownFileType = file.storyboard; path = Main.storyboard; sourceTree = "<group>"; };
/* End PBXFileReference section */

/* Begin PBXFrameworksBuildPhase section */
		019FE1F91DF67008008930FB /* Frameworks */ = {
			isa = PBXFrameworksBuildPhase;
			buildActionMask = 2147483647;
			files = (
			);
			runOnlyForDeploymentPostprocessing = 0;
		};
/* End PBXFrameworksBuildPhase section */

/* Begin PBXGroup section */
		019FE1F31DF67008008930FB = {
			isa = PBXGroup;
			children = (
				019FE1FE1DF67008008930FB /* disable Hot Corners */,
				019FE1FD1DF67008008930FB /* Products */,
			);
			sourceTree = "<group>";
		};
		019FE1FD1DF67008008930FB /* Products */ = {
			isa = PBXGroup;
			children = (
				019FE1FC1DF67008008930FB /* disable Hot Corners.app */,
			);
			name = Products;
			sourceTree = "<group>";
		};
		019FE1FE1DF67008008930FB /* disable Hot Corners */ = {
			isa = PBXGroup;
			children = (
				019FE1FF1DF67008008930FB /* AppDelegate.swift */,
				019FE2031DF67009008930FB /* Assets.xcassets */,
				019FE2081DF67009008930FB /* Info.plist */,
				019FE2111DF6779D008930FB /* Main.storyboard */,
			);
			path = "disable Hot Corners";
			sourceTree = "<group>";
		};
/* End PBXGroup section */

/* Begin PBXNativeTarget section */
		019FE1FB1DF67008008930FB /* disable Hot Corners */ = {
			isa = PBXNativeTarget;
			buildConfigurationList = 019FE20B1DF67009008930FB /* Build configuration list for PBXNativeTarget "disable Hot Corners" */;
			buildPhases = (
				019FE1F81DF67008008930FB /* Sources */,
				019FE1F91DF67008008930FB /* Frameworks */,
				019FE1FA1DF67008008930FB /* Resources */,
			);
			buildRules = (
			);
			dependencies = (
			);
			name = "disable Hot Corners";
			productName = "disable Hot Corners";
			productReference = 019FE1FC1DF67008008930FB /* disable Hot Corners.app */;
			productType = "com.apple.product-type.application";
		};
/* End PBXNativeTarget section */

/* Begin PBXProject section */
		019FE1F41DF67008008930FB /* Project object */ = {
			isa = PBXProject;
			attributes = {
				LastSwiftUpdateCheck = 0810;
				LastUpgradeCheck = 0810;
				ORGANIZATIONNAME = xjbeta;
				TargetAttributes = {
					019FE1FB1DF67008008930FB = {
						CreatedOnToolsVersion = 8.1;
						DevelopmentTeam = S3WK2RE7QY;
						ProvisioningStyle = Automatic;
						SystemCapabilities = {
							com.apple.ApplicationGroups.Mac = {
								enabled = 0;
							};
							com.apple.Sandbox = {
								enabled = 0;
							};
						};
					};
				};
			};
			buildConfigurationList = 019FE1F71DF67008008930FB /* Build configuration list for PBXProject "disable Hot Corners" */;
			compatibilityVersion = "Xcode 3.2";
			developmentRegion = English;
			hasScannedForEncodings = 0;
			knownRegions = (
				en,
				Base,
			);
			mainGroup = 019FE1F31DF67008008930FB;
			productRefGroup = 019FE1FD1DF67008008930FB /* Products */;
			projectDirPath = "";
			projectRoot = "";
			targets = (
				019FE1FB1DF67008008930FB /* disable Hot Corners */,
			);
		};
/* End PBXProject section */

/* Begin PBXResourcesBuildPhase section */
		019FE1FA1DF67008008930FB /* Resources */ = {
			isa = PBXResourcesBuildPhase;
			buildActionMask = 2147483647;
			files = (
				019FE2041DF67009008930FB /* Assets.xcassets in Resources */,
				019FE2121DF6779D008930FB /* Main.storyboard in Resources */,
			);
			runOnlyForDeploymentPostprocessing = 0;
		};
/* End PBXResourcesBuildPhase section */

/* Begin PBXSourcesBuildPhase section */
		019FE1F81DF67008008930FB /* Sources */ = {
			isa = PBXSourcesBuildPhase;
			buildActionMask = 2147483647;
			files = (
				019FE2001DF67008008930FB /* AppDelegate.swift in Sources */,
			);
			runOnlyForDeploymentPostprocessing = 0;
		};
/* End PBXSourcesBuildPhase section */

/* Begin XCBuildConfiguration section */
		019FE2091DF67009008930FB /* Debug */ = {
			isa = XCBuildConfiguration;
			buildSettings = {
				ALWAYS_SEARCH_USER_PATHS = NO;
				CLANG_ANALYZER_NONNULL = YES;
				CLANG_CXX_LANGUAGE_STANDARD = "gnu++0x";
				CLANG_CXX_LIBRARY = "libc++";
				CLANG_ENABLE_MODULES = YES;
				CLANG_ENABLE_OBJC_ARC = YES;
				CLANG_WARN_BOOL_CONVERSION = YES;
				CLANG_WARN_CONSTANT_CONVERSION = YES;
				CLANG_WARN_DIRECT_OBJC_ISA_USAGE = YES_ERROR;
				CLANG_WARN_DOCUMENTATION_COMMENTS = YES;
				CLANG_WARN_EMPTY_BODY = YES;
				CLANG_WARN_ENUM_CONVERSION = YES;
				CLANG_WARN_INFINITE_RECURSION = YES;
				CLANG_WARN_INT_CONVERSION = YES;
				CLANG_WARN_OBJC_ROOT_CLASS = YES_ERROR;
				CLANG_WARN_SUSPICIOUS_MOVES = YES;
				CLANG_WARN_UNREACHABLE_CODE = YES;
				CLANG_WARN__DUPLICATE_METHOD_MATCH = YES;
				CODE_SIGN_IDENTITY = "-";
				COPY_PHASE_STRIP = NO;
				DEBUG_INFORMATION_FORMAT = dwarf;
				ENABLE_STRICT_OBJC_MSGSEND = YES;
				ENABLE_TESTABILITY = YES;
				GCC_C_LANGUAGE_STANDARD = gnu99;
				GCC_DYNAMIC_NO_PIC = NO;
				GCC_NO_COMMON_BLOCKS = YES;
				GCC_OPTIMIZATION_LEVEL = 0;
				GCC_PREPROCESSOR_DEFINITIONS = (
					"DEBUG=1",
					"$(inherited)",
				);
				GCC_WARN_64_TO_32_BIT_CONVERSION = YES;
				GCC_WARN_ABOUT_RETURN_TYPE = YES_ERROR;
				GCC_WARN_UNDECLARED_SELECTOR = YES;
				GCC_WARN_UNINITIALIZED_AUTOS = YES_AGGRESSIVE;
				GCC_WARN_UNUSED_FUNCTION = YES;
				GCC_WARN_UNUSED_VARIABLE = YES;
				MACOSX_DEPLOYMENT_TARGET = 10.12;
				MTL_ENABLE_DEBUG_INFO = YES;
				ONLY_ACTIVE_ARCH = YES;
				SDKROOT = macosx;
				SWIFT_ACTIVE_COMPILATION_CONDITIONS = DEBUG;
				SWIFT_OPTIMIZATION_LEVEL = "-Onone";
			};
			name = Debug;
		};
		019FE20A1DF67009008930FB /* Release */ = {
			isa = XCBuildConfiguration;
			buildSettings = {
				ALWAYS_SEARCH_USER_PATHS = NO;
				CLANG_ANALYZER_NONNULL = YES;
				CLANG_CXX_LANGUAGE_STANDARD = "gnu++0x";
				CLANG_CXX_LIBRARY = "libc++";
				CLANG_ENABLE_MODULES = YES;
				CLANG_ENABLE_OBJC_ARC = YES;
				CLANG_WARN_BOOL_CONVERSION = YES;
				CLANG_WARN_CONSTANT_CONVERSION = YES;
				CLANG_WARN_DIRECT_OBJC_ISA_USAGE = YES_ERROR;
				CLANG_WARN_DOCUMENTATION_COMMENTS = YES;
				CLANG_WARN_EMPTY_BODY = YES;
				CLANG_WARN_ENUM_CONVERSION = YES;
				CLANG_WARN_INFINITE_RECURSION = YES;
				CLANG_WARN_INT_CONVERSION = YES;
				CLANG_WARN_OBJC_ROOT_CLASS = YES_ERROR;
				CLANG_WARN_SUSPICIOUS_MOVES = YES;
				CLANG_WARN_UNREACHABLE_CODE = YES;
				CLANG_WARN__DUPLICATE_METHOD_MATCH = YES;
				CODE_SIGN_IDENTITY = "-";
				COPY_PHASE_STRIP = NO;
				DEBUG_INFORMATION_FORMAT = "dwarf-with-dsym";
				ENABLE_NS_ASSERTIONS = NO;
				ENABLE_STRICT_OBJC_MSGSEND = YES;
				GCC_C_LANGUAGE_STANDARD = gnu99;
				GCC_NO_COMMON_BLOCKS = YES;
				GCC_WARN_64_TO_32_BIT_CONVERSION = YES;
				GCC_WARN_ABOUT_RETURN_TYPE = YES_ERROR;
				GCC_WARN_UNDECLARED_SELECTOR = YES;
				GCC_WARN_UNINITIALIZED_AUTOS = YES_AGGRESSIVE;
				GCC_WARN_UNUSED_FUNCTION = YES;
				GCC_WARN_UNUSED_VARIABLE = YES;
				MACOSX_DEPLOYMENT_TARGET = 10.12;
				MTL_ENABLE_DEBUG_INFO = NO;
				SDKROOT = macosx;
				SWIFT_OPTIMIZATION_LEVEL = "-Owholemodule";
			};
			name = Release;
		};
		019FE20C1DF67009008930FB /* Debug */ = {
			isa = XCBuildConfiguration;
			buildSettings = {
				ASSETCATALOG_COMPILER_APPICON_NAME = AppIcon;
				CODE_SIGN_IDENTITY = "Mac Developer";
				COMBINE_HIDPI_IMAGES = YES;
				DEVELOPMENT_TEAM = S3WK2RE7QY;
				INFOPLIST_FILE = "disable Hot Corners/Info.plist";
				LD_RUNPATH_SEARCH_PATHS = "$(inherited) @executable_path/../Frameworks";
				PRODUCT_BUNDLE_IDENTIFIER = "xjbeta.tiny-gmail.com.disable-Hot-Corners";
				PRODUCT_NAME = "$(TARGET_NAME)";
				SWIFT_VERSION = 3.0;
			};
			name = Debug;
		};
		019FE20D1DF67009008930FB /* Release */ = {
			isa = XCBuildConfiguration;
			buildSettings = {
				ASSETCATALOG_COMPILER_APPICON_NAME = AppIcon;
				CODE_SIGN_IDENTITY = "Mac Developer";
				COMBINE_HIDPI_IMAGES = YES;
				DEVELOPMENT_TEAM = S3WK2RE7QY;
				INFOPLIST_FILE = "disable Hot Corners/Info.plist";
				LD_RUNPATH_SEARCH_PATHS = "$(inherited) @executable_path/../Frameworks";
				PRODUCT_BUNDLE_IDENTIFIER = "xjbeta.tiny-gmail.com.disable-Hot-Corners";
				PRODUCT_NAME = "$(TARGET_NAME)";
				SWIFT_VERSION = 3.0;
			};
			name = Release;
		};
/* End XCBuildConfiguration section */

/* Begin XCConfigurationList section */
		019FE1F71DF67008008930FB /* Build configuration list for PBXProject "disable Hot Corners" */ = {
			isa = XCConfigurationList;
			buildConfigurations = (
				019FE2091DF67009008930FB /* Debug */,
				019FE20A1DF67009008930FB /* Release */,
			);
			defaultConfigurationIsVisible = 0;
			defaultConfigurationName = Release;
		};
		019FE20B1DF67009008930FB /* Build configuration list for PBXNativeTarget "disable Hot Corners" */ = {
			isa = XCConfigurationList;
			buildConfigurations = (
				019FE20C1DF67009008930FB /* Debug */,
				019FE20D1DF67009008930FB /* Release */,
			);
			defaultConfigurationIsVisible = 0;
		};
/* End XCConfigurationList section */
	};
	rootObject = 019FE1F41DF67008008930FB /* Project object */;
}
